
Microsoft Visual Studio Solution File, Format Version 12.00
# Visual Studio 2012
Project("{FAE04EC0-301F-11D3-BF4B-00C04F79EFBC}") = "depthComposite", "depthComposite\depthComposite.csproj", "{5BA7EDAB-9517-4C22-B3BE-3EAAA9C1AE3A}"
EndProject
Global
	GlobalSection(SolutionConfigurationPlatforms) = preSolution
		Debug|Any CPU = Debug|Any CPU
		Release|Any CPU = Release|Any CPU
	EndGlobalSection
	GlobalSection(ProjectConfigurationPlatforms) = postSolution
		{5BA7EDAB-9517-4C22-B3BE-3EAAA9C1AE3A}.Debug|Any CPU.ActiveCfg = Debug|Any CPU
		{5BA7EDAB-9517-4C22-B3BE-3EAAA9C1AE3A}.Debug|Any CPU.Build.0 = Debug|Any CPU
		{5BA7EDAB-9517-4C22-B3BE-3EAAA9C1AE3A}.Release|Any CPU.ActiveCfg = Release|Any CPU
		{5BA7EDAB-9517-4C22-B3BE-3EAAA9C1AE3A}.Release|Any CPU.Build.0 = Release|Any CPU
	EndGlobalSection
	GlobalSection(SolutionProperties) = preSolution
		HideSolutionNode = FALSE
	EndGlobalSection
EndGlobal
